
Microsoft Visual Studio Solution File, Format Version 12.00
# Visual Studio Version 16
VisualStudioVersion = 16.0.31515.178
MinimumVisualStudioVersion = 10.0.40219.1
Project("{FAE04EC0-301F-11D3-BF4B-00C04F79EFBC}") = "ConsoleApp48", "ConsoleApp48.csproj", "{D3C4E9C8-9680-4D96-9150-A5A77FF365AF}"
EndProject
Global
	GlobalSection(SolutionConfigurationPlatforms) = preSolution
		Debug|Any CPU = Debug|Any CPU
		Release|Any CPU = Release|Any CPU
	EndGlobalSection
	GlobalSection(ProjectConfigurationPlatforms) = postSolution
		{D3C4E9C8-9680-4D96-9150-A5A77FF365AF}.Debug|Any CPU.ActiveCfg = Debug|Any CPU
		{D3C4E9C8-9680-4D96-9150-A5A77FF365AF}.Debug|Any CPU.Build.0 = Debug|Any CPU
		{D3C4E9C8-9680-4D96-9150-A5A77FF365AF}.Release|Any CPU.ActiveCfg = Release|Any CPU
		{D3C4E9C8-9680-4D96-9150-A5A77FF365AF}.Release|Any CPU.Build.0 = Release|Any CPU
	EndGlobalSection
	GlobalSection(SolutionProperties) = preSolution
		HideSolutionNode = FALSE
	EndGlobalSection
	GlobalSection(ExtensibilityGlobals) = postSolution
		SolutionGuid = {FCBE42F2-A121-44CB-A9EE-F6B7D5EA55E5}
	EndGlobalSection
EndGlobal
