
Microsoft Visual Studio Solution File, Format Version 12.00
# Visual Studio Version 16
VisualStudioVersion = 16.0.31515.178
MinimumVisualStudioVersion = 10.0.40219.1
Project("{8BC9CEB8-8B4A-11D0-8D11-00A0C91BC942}") = "ConsoleApplication131", "ConsoleApplication131.vcxproj", "{AA84B65C-D4BE-4F09-8D7D-7253F2B70250}"
EndProject
Global
	GlobalSection(SolutionConfigurationPlatforms) = preSolution
		Debug|x64 = Debug|x64
		Debug|x86 = Debug|x86
		Release|x64 = Release|x64
		Release|x86 = Release|x86
	EndGlobalSection
	GlobalSection(ProjectConfigurationPlatforms) = postSolution
		{AA84B65C-D4BE-4F09-8D7D-7253F2B70250}.Debug|x64.ActiveCfg = Debug|x64
		{AA84B65C-D4BE-4F09-8D7D-7253F2B70250}.Debug|x64.Build.0 = Debug|x64
		{AA84B65C-D4BE-4F09-8D7D-7253F2B70250}.Debug|x86.ActiveCfg = Debug|Win32
		{AA84B65C-D4BE-4F09-8D7D-7253F2B70250}.Debug|x86.Build.0 = Debug|Win32
		{AA84B65C-D4BE-4F09-8D7D-7253F2B70250}.Release|x64.ActiveCfg = Release|x64
		{AA84B65C-D4BE-4F09-8D7D-7253F2B70250}.Release|x64.Build.0 = Release|x64
		{AA84B65C-D4BE-4F09-8D7D-7253F2B70250}.Release|x86.ActiveCfg = Release|Win32
		{AA84B65C-D4BE-4F09-8D7D-7253F2B70250}.Release|x86.Build.0 = Release|Win32
	EndGlobalSection
	GlobalSection(SolutionProperties) = preSolution
		HideSolutionNode = FALSE
	EndGlobalSection
	GlobalSection(ExtensibilityGlobals) = postSolution
		SolutionGuid = {D9862291-AE25-49D9-B4CD-147F120AF016}
	EndGlobalSection
EndGlobal
