
Microsoft Visual Studio Solution File, Format Version 12.00
# Visual Studio Version 16
VisualStudioVersion = 16.0.31729.503
MinimumVisualStudioVersion = 10.0.40219.1
Project("{8BC9CEB8-8B4A-11D0-8D11-00A0C91BC942}") = "ConsoleApplication211", "ConsoleApplication211.vcxproj", "{CDECA51D-97B2-4B20-9552-989D45FEB1DA}"
EndProject
Global
	GlobalSection(SolutionConfigurationPlatforms) = preSolution
		Debug|x64 = Debug|x64
		Debug|x86 = Debug|x86
		Release|x64 = Release|x64
		Release|x86 = Release|x86
	EndGlobalSection
	GlobalSection(ProjectConfigurationPlatforms) = postSolution
		{CDECA51D-97B2-4B20-9552-989D45FEB1DA}.Debug|x64.ActiveCfg = Debug|x64
		{CDECA51D-97B2-4B20-9552-989D45FEB1DA}.Debug|x64.Build.0 = Debug|x64
		{CDECA51D-97B2-4B20-9552-989D45FEB1DA}.Debug|x86.ActiveCfg = Debug|Win32
		{CDECA51D-97B2-4B20-9552-989D45FEB1DA}.Debug|x86.Build.0 = Debug|Win32
		{CDECA51D-97B2-4B20-9552-989D45FEB1DA}.Release|x64.ActiveCfg = Release|x64
		{CDECA51D-97B2-4B20-9552-989D45FEB1DA}.Release|x64.Build.0 = Release|x64
		{CDECA51D-97B2-4B20-9552-989D45FEB1DA}.Release|x86.ActiveCfg = Release|Win32
		{CDECA51D-97B2-4B20-9552-989D45FEB1DA}.Release|x86.Build.0 = Release|Win32
	EndGlobalSection
	GlobalSection(SolutionProperties) = preSolution
		HideSolutionNode = FALSE
	EndGlobalSection
	GlobalSection(ExtensibilityGlobals) = postSolution
		SolutionGuid = {ACD709E0-EE60-458F-AB3A-90B9E86CB9EF}
	EndGlobalSection
EndGlobal
