
Microsoft Visual Studio Solution File, Format Version 12.00
# Visual Studio Version 16
VisualStudioVersion = 16.0.31515.178
MinimumVisualStudioVersion = 10.0.40219.1
Project("{FAE04EC0-301F-11D3-BF4B-00C04F79EFBC}") = "ConsoleApp45", "ConsoleApp45.csproj", "{8BAA7D10-2A57-48F2-A7C6-2260127B28EE}"
EndProject
Global
	GlobalSection(SolutionConfigurationPlatforms) = preSolution
		Debug|Any CPU = Debug|Any CPU
		Release|Any CPU = Release|Any CPU
	EndGlobalSection
	GlobalSection(ProjectConfigurationPlatforms) = postSolution
		{8BAA7D10-2A57-48F2-A7C6-2260127B28EE}.Debug|Any CPU.ActiveCfg = Debug|Any CPU
		{8BAA7D10-2A57-48F2-A7C6-2260127B28EE}.Debug|Any CPU.Build.0 = Debug|Any CPU
		{8BAA7D10-2A57-48F2-A7C6-2260127B28EE}.Release|Any CPU.ActiveCfg = Release|Any CPU
		{8BAA7D10-2A57-48F2-A7C6-2260127B28EE}.Release|Any CPU.Build.0 = Release|Any CPU
	EndGlobalSection
	GlobalSection(SolutionProperties) = preSolution
		HideSolutionNode = FALSE
	EndGlobalSection
	GlobalSection(ExtensibilityGlobals) = postSolution
		SolutionGuid = {942FBD33-3254-4382-9B8D-9D8DCA1C34E5}
	EndGlobalSection
EndGlobal
