
Microsoft Visual Studio Solution File, Format Version 12.00
# Visual Studio Version 16
VisualStudioVersion = 16.0.31729.503
MinimumVisualStudioVersion = 10.0.40219.1
Project("{8BC9CEB8-8B4A-11D0-8D11-00A0C91BC942}") = "ConsoleApplication202", "ConsoleApplication202.vcxproj", "{20C6FC35-FC7E-4628-BCA8-850CBE9931F7}"
EndProject
Global
	GlobalSection(SolutionConfigurationPlatforms) = preSolution
		Debug|x64 = Debug|x64
		Debug|x86 = Debug|x86
		Release|x64 = Release|x64
		Release|x86 = Release|x86
	EndGlobalSection
	GlobalSection(ProjectConfigurationPlatforms) = postSolution
		{20C6FC35-FC7E-4628-BCA8-850CBE9931F7}.Debug|x64.ActiveCfg = Debug|x64
		{20C6FC35-FC7E-4628-BCA8-850CBE9931F7}.Debug|x64.Build.0 = Debug|x64
		{20C6FC35-FC7E-4628-BCA8-850CBE9931F7}.Debug|x86.ActiveCfg = Debug|Win32
		{20C6FC35-FC7E-4628-BCA8-850CBE9931F7}.Debug|x86.Build.0 = Debug|Win32
		{20C6FC35-FC7E-4628-BCA8-850CBE9931F7}.Release|x64.ActiveCfg = Release|x64
		{20C6FC35-FC7E-4628-BCA8-850CBE9931F7}.Release|x64.Build.0 = Release|x64
		{20C6FC35-FC7E-4628-BCA8-850CBE9931F7}.Release|x86.ActiveCfg = Release|Win32
		{20C6FC35-FC7E-4628-BCA8-850CBE9931F7}.Release|x86.Build.0 = Release|Win32
	EndGlobalSection
	GlobalSection(SolutionProperties) = preSolution
		HideSolutionNode = FALSE
	EndGlobalSection
	GlobalSection(ExtensibilityGlobals) = postSolution
		SolutionGuid = {0F6DD978-E367-4D82-A82D-AE6C2F663DE8}
	EndGlobalSection
EndGlobal
