
Microsoft Visual Studio Solution File, Format Version 12.00
# Visual Studio Version 16
VisualStudioVersion = 16.0.31515.178
MinimumVisualStudioVersion = 10.0.40219.1
Project("{FAE04EC0-301F-11D3-BF4B-00C04F79EFBC}") = "ConsoleApp49", "ConsoleApp49.csproj", "{F4ADB377-16C8-4199-889F-F589DAB509A7}"
EndProject
Global
	GlobalSection(SolutionConfigurationPlatforms) = preSolution
		Debug|Any CPU = Debug|Any CPU
		Release|Any CPU = Release|Any CPU
	EndGlobalSection
	GlobalSection(ProjectConfigurationPlatforms) = postSolution
		{F4ADB377-16C8-4199-889F-F589DAB509A7}.Debug|Any CPU.ActiveCfg = Debug|Any CPU
		{F4ADB377-16C8-4199-889F-F589DAB509A7}.Debug|Any CPU.Build.0 = Debug|Any CPU
		{F4ADB377-16C8-4199-889F-F589DAB509A7}.Release|Any CPU.ActiveCfg = Release|Any CPU
		{F4ADB377-16C8-4199-889F-F589DAB509A7}.Release|Any CPU.Build.0 = Release|Any CPU
	EndGlobalSection
	GlobalSection(SolutionProperties) = preSolution
		HideSolutionNode = FALSE
	EndGlobalSection
	GlobalSection(ExtensibilityGlobals) = postSolution
		SolutionGuid = {38B4B81F-E90A-4174-ADE3-22B713C17F7B}
	EndGlobalSection
EndGlobal
