
Microsoft Visual Studio Solution File, Format Version 12.00
# Visual Studio Version 16
VisualStudioVersion = 16.0.31515.178
MinimumVisualStudioVersion = 10.0.40219.1
Project("{FAE04EC0-301F-11D3-BF4B-00C04F79EFBC}") = "ConsoleApp42", "ConsoleApp42.csproj", "{4CC4DDE7-7D57-440D-8245-E4D1A4A65726}"
EndProject
Global
	GlobalSection(SolutionConfigurationPlatforms) = preSolution
		Debug|Any CPU = Debug|Any CPU
		Release|Any CPU = Release|Any CPU
	EndGlobalSection
	GlobalSection(ProjectConfigurationPlatforms) = postSolution
		{4CC4DDE7-7D57-440D-8245-E4D1A4A65726}.Debug|Any CPU.ActiveCfg = Debug|Any CPU
		{4CC4DDE7-7D57-440D-8245-E4D1A4A65726}.Debug|Any CPU.Build.0 = Debug|Any CPU
		{4CC4DDE7-7D57-440D-8245-E4D1A4A65726}.Release|Any CPU.ActiveCfg = Release|Any CPU
		{4CC4DDE7-7D57-440D-8245-E4D1A4A65726}.Release|Any CPU.Build.0 = Release|Any CPU
	EndGlobalSection
	GlobalSection(SolutionProperties) = preSolution
		HideSolutionNode = FALSE
	EndGlobalSection
	GlobalSection(ExtensibilityGlobals) = postSolution
		SolutionGuid = {A1DC935A-3130-4A23-A701-A4DC353A2A26}
	EndGlobalSection
EndGlobal
