
Microsoft Visual Studio Solution File, Format Version 12.00
# Visual Studio Version 16
VisualStudioVersion = 16.0.31515.178
MinimumVisualStudioVersion = 10.0.40219.1
Project("{8BC9CEB8-8B4A-11D0-8D11-00A0C91BC942}") = "ConsoleApplication162", "ConsoleApplication162.vcxproj", "{EBBB600E-CDF9-44BF-9EEF-4E603C9E1155}"
EndProject
Global
	GlobalSection(SolutionConfigurationPlatforms) = preSolution
		Debug|x64 = Debug|x64
		Debug|x86 = Debug|x86
		Release|x64 = Release|x64
		Release|x86 = Release|x86
	EndGlobalSection
	GlobalSection(ProjectConfigurationPlatforms) = postSolution
		{EBBB600E-CDF9-44BF-9EEF-4E603C9E1155}.Debug|x64.ActiveCfg = Debug|x64
		{EBBB600E-CDF9-44BF-9EEF-4E603C9E1155}.Debug|x64.Build.0 = Debug|x64
		{EBBB600E-CDF9-44BF-9EEF-4E603C9E1155}.Debug|x86.ActiveCfg = Debug|Win32
		{EBBB600E-CDF9-44BF-9EEF-4E603C9E1155}.Debug|x86.Build.0 = Debug|Win32
		{EBBB600E-CDF9-44BF-9EEF-4E603C9E1155}.Release|x64.ActiveCfg = Release|x64
		{EBBB600E-CDF9-44BF-9EEF-4E603C9E1155}.Release|x64.Build.0 = Release|x64
		{EBBB600E-CDF9-44BF-9EEF-4E603C9E1155}.Release|x86.ActiveCfg = Release|Win32
		{EBBB600E-CDF9-44BF-9EEF-4E603C9E1155}.Release|x86.Build.0 = Release|Win32
	EndGlobalSection
	GlobalSection(SolutionProperties) = preSolution
		HideSolutionNode = FALSE
	EndGlobalSection
	GlobalSection(ExtensibilityGlobals) = postSolution
		SolutionGuid = {29296840-446F-405E-AC10-1B7D4DACCF12}
	EndGlobalSection
EndGlobal
