
Microsoft Visual Studio Solution File, Format Version 12.00
# Visual Studio Version 16
VisualStudioVersion = 16.0.31515.178
MinimumVisualStudioVersion = 10.0.40219.1
Project("{8BC9CEB8-8B4A-11D0-8D11-00A0C91BC942}") = "ConsoleApplication90", "ConsoleApplication90.vcxproj", "{38A1028B-21A2-4719-ACEF-EA020C27393A}"
EndProject
Global
	GlobalSection(SolutionConfigurationPlatforms) = preSolution
		Debug|x64 = Debug|x64
		Debug|x86 = Debug|x86
		Release|x64 = Release|x64
		Release|x86 = Release|x86
	EndGlobalSection
	GlobalSection(ProjectConfigurationPlatforms) = postSolution
		{38A1028B-21A2-4719-ACEF-EA020C27393A}.Debug|x64.ActiveCfg = Debug|x64
		{38A1028B-21A2-4719-ACEF-EA020C27393A}.Debug|x64.Build.0 = Debug|x64
		{38A1028B-21A2-4719-ACEF-EA020C27393A}.Debug|x86.ActiveCfg = Debug|Win32
		{38A1028B-21A2-4719-ACEF-EA020C27393A}.Debug|x86.Build.0 = Debug|Win32
		{38A1028B-21A2-4719-ACEF-EA020C27393A}.Release|x64.ActiveCfg = Release|x64
		{38A1028B-21A2-4719-ACEF-EA020C27393A}.Release|x64.Build.0 = Release|x64
		{38A1028B-21A2-4719-ACEF-EA020C27393A}.Release|x86.ActiveCfg = Release|Win32
		{38A1028B-21A2-4719-ACEF-EA020C27393A}.Release|x86.Build.0 = Release|Win32
	EndGlobalSection
	GlobalSection(SolutionProperties) = preSolution
		HideSolutionNode = FALSE
	EndGlobalSection
	GlobalSection(ExtensibilityGlobals) = postSolution
		SolutionGuid = {50548E18-5DBF-4E3B-BA92-D2B4A1F44499}
	EndGlobalSection
EndGlobal
