
Microsoft Visual Studio Solution File, Format Version 12.00
# Visual Studio Version 16
VisualStudioVersion = 16.0.31515.178
MinimumVisualStudioVersion = 10.0.40219.1
Project("{8BC9CEB8-8B4A-11D0-8D11-00A0C91BC942}") = "ConsoleApplication21", "ConsoleApplication21.vcxproj", "{A56B6D33-03C6-4285-BC51-D92D094067A4}"
EndProject
Global
	GlobalSection(SolutionConfigurationPlatforms) = preSolution
		Debug|x64 = Debug|x64
		Debug|x86 = Debug|x86
		Release|x64 = Release|x64
		Release|x86 = Release|x86
	EndGlobalSection
	GlobalSection(ProjectConfigurationPlatforms) = postSolution
		{A56B6D33-03C6-4285-BC51-D92D094067A4}.Debug|x64.ActiveCfg = Debug|x64
		{A56B6D33-03C6-4285-BC51-D92D094067A4}.Debug|x64.Build.0 = Debug|x64
		{A56B6D33-03C6-4285-BC51-D92D094067A4}.Debug|x86.ActiveCfg = Debug|Win32
		{A56B6D33-03C6-4285-BC51-D92D094067A4}.Debug|x86.Build.0 = Debug|Win32
		{A56B6D33-03C6-4285-BC51-D92D094067A4}.Release|x64.ActiveCfg = Release|x64
		{A56B6D33-03C6-4285-BC51-D92D094067A4}.Release|x64.Build.0 = Release|x64
		{A56B6D33-03C6-4285-BC51-D92D094067A4}.Release|x86.ActiveCfg = Release|Win32
		{A56B6D33-03C6-4285-BC51-D92D094067A4}.Release|x86.Build.0 = Release|Win32
	EndGlobalSection
	GlobalSection(SolutionProperties) = preSolution
		HideSolutionNode = FALSE
	EndGlobalSection
	GlobalSection(ExtensibilityGlobals) = postSolution
		SolutionGuid = {F9F19A17-1584-469B-B5D4-DEAAA7A0E04D}
	EndGlobalSection
EndGlobal
