
Microsoft Visual Studio Solution File, Format Version 12.00
# Visual Studio Version 16
VisualStudioVersion = 16.0.31515.178
MinimumVisualStudioVersion = 10.0.40219.1
Project("{FAE04EC0-301F-11D3-BF4B-00C04F79EFBC}") = "ConsoleApp58", "ConsoleApp58.csproj", "{4645C71F-39AC-4136-A751-F52805918AE4}"
EndProject
Global
	GlobalSection(SolutionConfigurationPlatforms) = preSolution
		Debug|Any CPU = Debug|Any CPU
		Release|Any CPU = Release|Any CPU
	EndGlobalSection
	GlobalSection(ProjectConfigurationPlatforms) = postSolution
		{4645C71F-39AC-4136-A751-F52805918AE4}.Debug|Any CPU.ActiveCfg = Debug|Any CPU
		{4645C71F-39AC-4136-A751-F52805918AE4}.Debug|Any CPU.Build.0 = Debug|Any CPU
		{4645C71F-39AC-4136-A751-F52805918AE4}.Release|Any CPU.ActiveCfg = Release|Any CPU
		{4645C71F-39AC-4136-A751-F52805918AE4}.Release|Any CPU.Build.0 = Release|Any CPU
	EndGlobalSection
	GlobalSection(SolutionProperties) = preSolution
		HideSolutionNode = FALSE
	EndGlobalSection
	GlobalSection(ExtensibilityGlobals) = postSolution
		SolutionGuid = {F4A4779C-558D-4FC5-88F5-D8827A91444E}
	EndGlobalSection
EndGlobal
