
Microsoft Visual Studio Solution File, Format Version 12.00
# Visual Studio Version 16
VisualStudioVersion = 16.0.31729.503
MinimumVisualStudioVersion = 10.0.40219.1
Project("{FAE04EC0-301F-11D3-BF4B-00C04F79EFBC}") = "App2.Android", "App2.Android\App2.Android.csproj", "{61127FC5-5DBD-43A8-9FB1-4C5F04356B61}"
EndProject
Project("{FAE04EC0-301F-11D3-BF4B-00C04F79EFBC}") = "App2.iOS", "App2.iOS\App2.iOS.csproj", "{2FA3A16A-2ABA-4D9D-BFA3-5FF20091356F}"
EndProject
Project("{FAE04EC0-301F-11D3-BF4B-00C04F79EFBC}") = "App2", "App2\App2.csproj", "{6760C603-C8F3-43C8-98CD-128EFF9F6956}"
EndProject
Global
	GlobalSection(SolutionConfigurationPlatforms) = preSolution
		Debug|Any CPU = Debug|Any CPU
		Debug|iPhone = Debug|iPhone
		Debug|iPhoneSimulator = Debug|iPhoneSimulator
		Release|Any CPU = Release|Any CPU
		Release|iPhone = Release|iPhone
		Release|iPhoneSimulator = Release|iPhoneSimulator
	EndGlobalSection
	GlobalSection(ProjectConfigurationPlatforms) = postSolution
		{61127FC5-5DBD-43A8-9FB1-4C5F04356B61}.Debug|Any CPU.ActiveCfg = Debug|Any CPU
		{61127FC5-5DBD-43A8-9FB1-4C5F04356B61}.Debug|Any CPU.Build.0 = Debug|Any CPU
		{61127FC5-5DBD-43A8-9FB1-4C5F04356B61}.Debug|Any CPU.Deploy.0 = Debug|Any CPU
		{61127FC5-5DBD-43A8-9FB1-4C5F04356B61}.Debug|iPhone.ActiveCfg = Debug|Any CPU
		{61127FC5-5DBD-43A8-9FB1-4C5F04356B61}.Debug|iPhone.Build.0 = Debug|Any CPU
		{61127FC5-5DBD-43A8-9FB1-4C5F04356B61}.Debug|iPhone.Deploy.0 = Debug|Any CPU
		{61127FC5-5DBD-43A8-9FB1-4C5F04356B61}.Debug|iPhoneSimulator.ActiveCfg = Debug|Any CPU
		{61127FC5-5DBD-43A8-9FB1-4C5F04356B61}.Debug|iPhoneSimulator.Build.0 = Debug|Any CPU
		{61127FC5-5DBD-43A8-9FB1-4C5F04356B61}.Debug|iPhoneSimulator.Deploy.0 = Debug|Any CPU
		{61127FC5-5DBD-43A8-9FB1-4C5F04356B61}.Release|Any CPU.ActiveCfg = Release|Any CPU
		{61127FC5-5DBD-43A8-9FB1-4C5F04356B61}.Release|Any CPU.Build.0 = Release|Any CPU
		{61127FC5-5DBD-43A8-9FB1-4C5F04356B61}.Release|Any CPU.Deploy.0 = Release|Any CPU
		{61127FC5-5DBD-43A8-9FB1-4C5F04356B61}.Release|iPhone.ActiveCfg = Release|Any CPU
		{61127FC5-5DBD-43A8-9FB1-4C5F04356B61}.Release|iPhone.Build.0 = Release|Any CPU
		{61127FC5-5DBD-43A8-9FB1-4C5F04356B61}.Release|iPhone.Deploy.0 = Release|Any CPU
		{61127FC5-5DBD-43A8-9FB1-4C5F04356B61}.Release|iPhoneSimulator.ActiveCfg = Release|Any CPU
		{61127FC5-5DBD-43A8-9FB1-4C5F04356B61}.Release|iPhoneSimulator.Build.0 = Release|Any CPU
		{61127FC5-5DBD-43A8-9FB1-4C5F04356B61}.Release|iPhoneSimulator.Deploy.0 = Release|Any CPU
		{2FA3A16A-2ABA-4D9D-BFA3-5FF20091356F}.Debug|Any CPU.ActiveCfg = Debug|iPhone
		{2FA3A16A-2ABA-4D9D-BFA3-5FF20091356F}.Debug|Any CPU.Build.0 = Debug|iPhone
		{2FA3A16A-2ABA-4D9D-BFA3-5FF20091356F}.Debug|Any CPU.Deploy.0 = Debug|iPhone
		{2FA3A16A-2ABA-4D9D-BFA3-5FF20091356F}.Debug|iPhone.ActiveCfg = Debug|iPhone
		{2FA3A16A-2ABA-4D9D-BFA3-5FF20091356F}.Debug|iPhone.Build.0 = Debug|iPhone
		{2FA3A16A-2ABA-4D9D-BFA3-5FF20091356F}.Debug|iPhone.Deploy.0 = Debug|iPhone
		{2FA3A16A-2ABA-4D9D-BFA3-5FF20091356F}.Debug|iPhoneSimulator.ActiveCfg = Debug|iPhoneSimulator
		{2FA3A16A-2ABA-4D9D-BFA3-5FF20091356F}.Debug|iPhoneSimulator.Build.0 = Debug|iPhoneSimulator
		{2FA3A16A-2ABA-4D9D-BFA3-5FF20091356F}.Debug|iPhoneSimulator.Deploy.0 = Debug|iPhoneSimulator
		{2FA3A16A-2ABA-4D9D-BFA3-5FF20091356F}.Release|Any CPU.ActiveCfg = Release|iPhoneSimulator
		{2FA3A16A-2ABA-4D9D-BFA3-5FF20091356F}.Release|Any CPU.Build.0 = Release|iPhoneSimulator
		{2FA3A16A-2ABA-4D9D-BFA3-5FF20091356F}.Release|Any CPU.Deploy.0 = Release|iPhoneSimulator
		{2FA3A16A-2ABA-4D9D-BFA3-5FF20091356F}.Release|iPhone.ActiveCfg = Release|iPhone
		{2FA3A16A-2ABA-4D9D-BFA3-5FF20091356F}.Release|iPhone.Build.0 = Release|iPhone
		{2FA3A16A-2ABA-4D9D-BFA3-5FF20091356F}.Release|iPhone.Deploy.0 = Release|iPhone
		{2FA3A16A-2ABA-4D9D-BFA3-5FF20091356F}.Release|iPhoneSimulator.ActiveCfg = Release|iPhoneSimulator
		{2FA3A16A-2ABA-4D9D-BFA3-5FF20091356F}.Release|iPhoneSimulator.Build.0 = Release|iPhoneSimulator
		{2FA3A16A-2ABA-4D9D-BFA3-5FF20091356F}.Release|iPhoneSimulator.Deploy.0 = Release|iPhoneSimulator
		{6760C603-C8F3-43C8-98CD-128EFF9F6956}.Debug|Any CPU.ActiveCfg = Debug|Any CPU
		{6760C603-C8F3-43C8-98CD-128EFF9F6956}.Debug|Any CPU.Build.0 = Debug|Any CPU
		{6760C603-C8F3-43C8-98CD-128EFF9F6956}.Debug|Any CPU.Deploy.0 = Debug|Any CPU
		{6760C603-C8F3-43C8-98CD-128EFF9F6956}.Debug|iPhone.ActiveCfg = Debug|Any CPU
		{6760C603-C8F3-43C8-98CD-128EFF9F6956}.Debug|iPhone.Build.0 = Debug|Any CPU
		{6760C603-C8F3-43C8-98CD-128EFF9F6956}.Debug|iPhone.Deploy.0 = Debug|Any CPU
		{6760C603-C8F3-43C8-98CD-128EFF9F6956}.Debug|iPhoneSimulator.ActiveCfg = Debug|Any CPU
		{6760C603-C8F3-43C8-98CD-128EFF9F6956}.Debug|iPhoneSimulator.Build.0 = Debug|Any CPU
		{6760C603-C8F3-43C8-98CD-128EFF9F6956}.Debug|iPhoneSimulator.Deploy.0 = Debug|Any CPU
		{6760C603-C8F3-43C8-98CD-128EFF9F6956}.Release|Any CPU.ActiveCfg = Release|Any CPU
		{6760C603-C8F3-43C8-98CD-128EFF9F6956}.Release|Any CPU.Build.0 = Release|Any CPU
		{6760C603-C8F3-43C8-98CD-128EFF9F6956}.Release|Any CPU.Deploy.0 = Release|Any CPU
		{6760C603-C8F3-43C8-98CD-128EFF9F6956}.Release|iPhone.ActiveCfg = Release|Any CPU
		{6760C603-C8F3-43C8-98CD-128EFF9F6956}.Release|iPhone.Build.0 = Release|Any CPU
		{6760C603-C8F3-43C8-98CD-128EFF9F6956}.Release|iPhone.Deploy.0 = Release|Any CPU
		{6760C603-C8F3-43C8-98CD-128EFF9F6956}.Release|iPhoneSimulator.ActiveCfg = Release|Any CPU
		{6760C603-C8F3-43C8-98CD-128EFF9F6956}.Release|iPhoneSimulator.Build.0 = Release|Any CPU
		{6760C603-C8F3-43C8-98CD-128EFF9F6956}.Release|iPhoneSimulator.Deploy.0 = Release|Any CPU
	EndGlobalSection
	GlobalSection(SolutionProperties) = preSolution
		HideSolutionNode = FALSE
	EndGlobalSection
	GlobalSection(ExtensibilityGlobals) = postSolution
		SolutionGuid = {8AF28902-3B11-4113-BAEE-60874880D902}
	EndGlobalSection
EndGlobal
