
Microsoft Visual Studio Solution File, Format Version 12.00
# Visual Studio Version 16
VisualStudioVersion = 16.0.31515.178
MinimumVisualStudioVersion = 10.0.40219.1
Project("{FAE04EC0-301F-11D3-BF4B-00C04F79EFBC}") = "ConsoleApp54", "ConsoleApp54.csproj", "{01EEC2F2-3A22-4C59-83D1-1DF483852776}"
EndProject
Global
	GlobalSection(SolutionConfigurationPlatforms) = preSolution
		Debug|Any CPU = Debug|Any CPU
		Release|Any CPU = Release|Any CPU
	EndGlobalSection
	GlobalSection(ProjectConfigurationPlatforms) = postSolution
		{01EEC2F2-3A22-4C59-83D1-1DF483852776}.Debug|Any CPU.ActiveCfg = Debug|Any CPU
		{01EEC2F2-3A22-4C59-83D1-1DF483852776}.Debug|Any CPU.Build.0 = Debug|Any CPU
		{01EEC2F2-3A22-4C59-83D1-1DF483852776}.Release|Any CPU.ActiveCfg = Release|Any CPU
		{01EEC2F2-3A22-4C59-83D1-1DF483852776}.Release|Any CPU.Build.0 = Release|Any CPU
	EndGlobalSection
	GlobalSection(SolutionProperties) = preSolution
		HideSolutionNode = FALSE
	EndGlobalSection
	GlobalSection(ExtensibilityGlobals) = postSolution
		SolutionGuid = {88EA1865-C1C3-467E-9C85-7FCC6EA12FFA}
	EndGlobalSection
EndGlobal
