
Microsoft Visual Studio Solution File, Format Version 12.00
# Visual Studio Version 16
VisualStudioVersion = 16.0.31729.503
MinimumVisualStudioVersion = 10.0.40219.1
Project("{8BC9CEB8-8B4A-11D0-8D11-00A0C91BC942}") = "ConsoleApplication232", "ConsoleApplication232.vcxproj", "{AE275F1E-E3ED-4ACC-9EC6-D8546F4336D3}"
EndProject
Global
	GlobalSection(SolutionConfigurationPlatforms) = preSolution
		Debug|x64 = Debug|x64
		Debug|x86 = Debug|x86
		Release|x64 = Release|x64
		Release|x86 = Release|x86
	EndGlobalSection
	GlobalSection(ProjectConfigurationPlatforms) = postSolution
		{AE275F1E-E3ED-4ACC-9EC6-D8546F4336D3}.Debug|x64.ActiveCfg = Debug|x64
		{AE275F1E-E3ED-4ACC-9EC6-D8546F4336D3}.Debug|x64.Build.0 = Debug|x64
		{AE275F1E-E3ED-4ACC-9EC6-D8546F4336D3}.Debug|x86.ActiveCfg = Debug|Win32
		{AE275F1E-E3ED-4ACC-9EC6-D8546F4336D3}.Debug|x86.Build.0 = Debug|Win32
		{AE275F1E-E3ED-4ACC-9EC6-D8546F4336D3}.Release|x64.ActiveCfg = Release|x64
		{AE275F1E-E3ED-4ACC-9EC6-D8546F4336D3}.Release|x64.Build.0 = Release|x64
		{AE275F1E-E3ED-4ACC-9EC6-D8546F4336D3}.Release|x86.ActiveCfg = Release|Win32
		{AE275F1E-E3ED-4ACC-9EC6-D8546F4336D3}.Release|x86.Build.0 = Release|Win32
	EndGlobalSection
	GlobalSection(SolutionProperties) = preSolution
		HideSolutionNode = FALSE
	EndGlobalSection
	GlobalSection(ExtensibilityGlobals) = postSolution
		SolutionGuid = {C6A7800B-6627-4ECF-AD3B-C8CC221CD51B}
	EndGlobalSection
EndGlobal
