
Microsoft Visual Studio Solution File, Format Version 12.00
# Visual Studio Version 16
VisualStudioVersion = 16.0.31729.503
MinimumVisualStudioVersion = 10.0.40219.1
Project("{8BC9CEB8-8B4A-11D0-8D11-00A0C91BC942}") = "ConsoleApplication236", "ConsoleApplication236.vcxproj", "{42266483-F223-4BE6-9A63-F811631EF54C}"
EndProject
Global
	GlobalSection(SolutionConfigurationPlatforms) = preSolution
		Debug|x64 = Debug|x64
		Debug|x86 = Debug|x86
		Release|x64 = Release|x64
		Release|x86 = Release|x86
	EndGlobalSection
	GlobalSection(ProjectConfigurationPlatforms) = postSolution
		{42266483-F223-4BE6-9A63-F811631EF54C}.Debug|x64.ActiveCfg = Debug|x64
		{42266483-F223-4BE6-9A63-F811631EF54C}.Debug|x64.Build.0 = Debug|x64
		{42266483-F223-4BE6-9A63-F811631EF54C}.Debug|x86.ActiveCfg = Debug|Win32
		{42266483-F223-4BE6-9A63-F811631EF54C}.Debug|x86.Build.0 = Debug|Win32
		{42266483-F223-4BE6-9A63-F811631EF54C}.Release|x64.ActiveCfg = Release|x64
		{42266483-F223-4BE6-9A63-F811631EF54C}.Release|x64.Build.0 = Release|x64
		{42266483-F223-4BE6-9A63-F811631EF54C}.Release|x86.ActiveCfg = Release|Win32
		{42266483-F223-4BE6-9A63-F811631EF54C}.Release|x86.Build.0 = Release|Win32
	EndGlobalSection
	GlobalSection(SolutionProperties) = preSolution
		HideSolutionNode = FALSE
	EndGlobalSection
	GlobalSection(ExtensibilityGlobals) = postSolution
		SolutionGuid = {9FF5B332-DE6F-4524-AB53-9DEA9A184C54}
	EndGlobalSection
EndGlobal
