
Microsoft Visual Studio Solution File, Format Version 12.00
# Visual Studio Version 16
VisualStudioVersion = 16.0.31729.503
MinimumVisualStudioVersion = 10.0.40219.1
Project("{8BC9CEB8-8B4A-11D0-8D11-00A0C91BC942}") = "ConsoleApplication199", "ConsoleApplication199.vcxproj", "{BE43BD4B-9387-481C-9B0F-8186CD43D35E}"
EndProject
Global
	GlobalSection(SolutionConfigurationPlatforms) = preSolution
		Debug|x64 = Debug|x64
		Debug|x86 = Debug|x86
		Release|x64 = Release|x64
		Release|x86 = Release|x86
	EndGlobalSection
	GlobalSection(ProjectConfigurationPlatforms) = postSolution
		{BE43BD4B-9387-481C-9B0F-8186CD43D35E}.Debug|x64.ActiveCfg = Debug|x64
		{BE43BD4B-9387-481C-9B0F-8186CD43D35E}.Debug|x64.Build.0 = Debug|x64
		{BE43BD4B-9387-481C-9B0F-8186CD43D35E}.Debug|x86.ActiveCfg = Debug|Win32
		{BE43BD4B-9387-481C-9B0F-8186CD43D35E}.Debug|x86.Build.0 = Debug|Win32
		{BE43BD4B-9387-481C-9B0F-8186CD43D35E}.Release|x64.ActiveCfg = Release|x64
		{BE43BD4B-9387-481C-9B0F-8186CD43D35E}.Release|x64.Build.0 = Release|x64
		{BE43BD4B-9387-481C-9B0F-8186CD43D35E}.Release|x86.ActiveCfg = Release|Win32
		{BE43BD4B-9387-481C-9B0F-8186CD43D35E}.Release|x86.Build.0 = Release|Win32
	EndGlobalSection
	GlobalSection(SolutionProperties) = preSolution
		HideSolutionNode = FALSE
	EndGlobalSection
	GlobalSection(ExtensibilityGlobals) = postSolution
		SolutionGuid = {050CB036-5264-4CA8-B778-B31398DA64D1}
	EndGlobalSection
EndGlobal
