
Microsoft Visual Studio Solution File, Format Version 12.00
# Visual Studio Version 16
VisualStudioVersion = 16.0.31729.503
MinimumVisualStudioVersion = 10.0.40219.1
Project("{8BC9CEB8-8B4A-11D0-8D11-00A0C91BC942}") = "ConsoleApplication208", "ConsoleApplication208.vcxproj", "{EFDA7AE7-B9E7-4236-B940-50A30BCB2AA9}"
EndProject
Global
	GlobalSection(SolutionConfigurationPlatforms) = preSolution
		Debug|x64 = Debug|x64
		Debug|x86 = Debug|x86
		Release|x64 = Release|x64
		Release|x86 = Release|x86
	EndGlobalSection
	GlobalSection(ProjectConfigurationPlatforms) = postSolution
		{EFDA7AE7-B9E7-4236-B940-50A30BCB2AA9}.Debug|x64.ActiveCfg = Debug|x64
		{EFDA7AE7-B9E7-4236-B940-50A30BCB2AA9}.Debug|x64.Build.0 = Debug|x64
		{EFDA7AE7-B9E7-4236-B940-50A30BCB2AA9}.Debug|x86.ActiveCfg = Debug|Win32
		{EFDA7AE7-B9E7-4236-B940-50A30BCB2AA9}.Debug|x86.Build.0 = Debug|Win32
		{EFDA7AE7-B9E7-4236-B940-50A30BCB2AA9}.Release|x64.ActiveCfg = Release|x64
		{EFDA7AE7-B9E7-4236-B940-50A30BCB2AA9}.Release|x64.Build.0 = Release|x64
		{EFDA7AE7-B9E7-4236-B940-50A30BCB2AA9}.Release|x86.ActiveCfg = Release|Win32
		{EFDA7AE7-B9E7-4236-B940-50A30BCB2AA9}.Release|x86.Build.0 = Release|Win32
	EndGlobalSection
	GlobalSection(SolutionProperties) = preSolution
		HideSolutionNode = FALSE
	EndGlobalSection
	GlobalSection(ExtensibilityGlobals) = postSolution
		SolutionGuid = {576E0CB1-831F-4675-977E-E351B53F10DC}
	EndGlobalSection
EndGlobal
