
Microsoft Visual Studio Solution File, Format Version 12.00
# Visual Studio Version 16
VisualStudioVersion = 16.0.31729.503
MinimumVisualStudioVersion = 10.0.40219.1
Project("{8BC9CEB8-8B4A-11D0-8D11-00A0C91BC942}") = "ConsoleApplication216", "ConsoleApplication216.vcxproj", "{B05F38D8-5CD3-4BB6-9091-7A8BB75F70C3}"
EndProject
Global
	GlobalSection(SolutionConfigurationPlatforms) = preSolution
		Debug|x64 = Debug|x64
		Debug|x86 = Debug|x86
		Release|x64 = Release|x64
		Release|x86 = Release|x86
	EndGlobalSection
	GlobalSection(ProjectConfigurationPlatforms) = postSolution
		{B05F38D8-5CD3-4BB6-9091-7A8BB75F70C3}.Debug|x64.ActiveCfg = Debug|x64
		{B05F38D8-5CD3-4BB6-9091-7A8BB75F70C3}.Debug|x64.Build.0 = Debug|x64
		{B05F38D8-5CD3-4BB6-9091-7A8BB75F70C3}.Debug|x86.ActiveCfg = Debug|Win32
		{B05F38D8-5CD3-4BB6-9091-7A8BB75F70C3}.Debug|x86.Build.0 = Debug|Win32
		{B05F38D8-5CD3-4BB6-9091-7A8BB75F70C3}.Release|x64.ActiveCfg = Release|x64
		{B05F38D8-5CD3-4BB6-9091-7A8BB75F70C3}.Release|x64.Build.0 = Release|x64
		{B05F38D8-5CD3-4BB6-9091-7A8BB75F70C3}.Release|x86.ActiveCfg = Release|Win32
		{B05F38D8-5CD3-4BB6-9091-7A8BB75F70C3}.Release|x86.Build.0 = Release|Win32
	EndGlobalSection
	GlobalSection(SolutionProperties) = preSolution
		HideSolutionNode = FALSE
	EndGlobalSection
	GlobalSection(ExtensibilityGlobals) = postSolution
		SolutionGuid = {68D32127-AB20-4A84-B399-801FE837F7E8}
	EndGlobalSection
EndGlobal
