
Microsoft Visual Studio Solution File, Format Version 12.00
# Visual Studio Version 16
VisualStudioVersion = 16.0.31515.178
MinimumVisualStudioVersion = 10.0.40219.1
Project("{FAE04EC0-301F-11D3-BF4B-00C04F79EFBC}") = "ConsoleApp33", "ConsoleApp33.csproj", "{84F3B314-D065-4BF9-A3DB-09C6E27BE7E1}"
EndProject
Global
	GlobalSection(SolutionConfigurationPlatforms) = preSolution
		Debug|Any CPU = Debug|Any CPU
		Release|Any CPU = Release|Any CPU
	EndGlobalSection
	GlobalSection(ProjectConfigurationPlatforms) = postSolution
		{84F3B314-D065-4BF9-A3DB-09C6E27BE7E1}.Debug|Any CPU.ActiveCfg = Debug|Any CPU
		{84F3B314-D065-4BF9-A3DB-09C6E27BE7E1}.Debug|Any CPU.Build.0 = Debug|Any CPU
		{84F3B314-D065-4BF9-A3DB-09C6E27BE7E1}.Release|Any CPU.ActiveCfg = Release|Any CPU
		{84F3B314-D065-4BF9-A3DB-09C6E27BE7E1}.Release|Any CPU.Build.0 = Release|Any CPU
	EndGlobalSection
	GlobalSection(SolutionProperties) = preSolution
		HideSolutionNode = FALSE
	EndGlobalSection
	GlobalSection(ExtensibilityGlobals) = postSolution
		SolutionGuid = {DAE169FF-BC30-4947-A557-A2634C89D7D3}
	EndGlobalSection
EndGlobal
