
Microsoft Visual Studio Solution File, Format Version 12.00
# Visual Studio Version 16
VisualStudioVersion = 16.0.31515.178
MinimumVisualStudioVersion = 10.0.40219.1
Project("{8BC9CEB8-8B4A-11D0-8D11-00A0C91BC942}") = "ConsoleApplication44", "ConsoleApplication44.vcxproj", "{599B69F7-3122-41B0-8322-44DC893802CF}"
EndProject
Global
	GlobalSection(SolutionConfigurationPlatforms) = preSolution
		Debug|x64 = Debug|x64
		Debug|x86 = Debug|x86
		Release|x64 = Release|x64
		Release|x86 = Release|x86
	EndGlobalSection
	GlobalSection(ProjectConfigurationPlatforms) = postSolution
		{599B69F7-3122-41B0-8322-44DC893802CF}.Debug|x64.ActiveCfg = Debug|x64
		{599B69F7-3122-41B0-8322-44DC893802CF}.Debug|x64.Build.0 = Debug|x64
		{599B69F7-3122-41B0-8322-44DC893802CF}.Debug|x86.ActiveCfg = Debug|Win32
		{599B69F7-3122-41B0-8322-44DC893802CF}.Debug|x86.Build.0 = Debug|Win32
		{599B69F7-3122-41B0-8322-44DC893802CF}.Release|x64.ActiveCfg = Release|x64
		{599B69F7-3122-41B0-8322-44DC893802CF}.Release|x64.Build.0 = Release|x64
		{599B69F7-3122-41B0-8322-44DC893802CF}.Release|x86.ActiveCfg = Release|Win32
		{599B69F7-3122-41B0-8322-44DC893802CF}.Release|x86.Build.0 = Release|Win32
	EndGlobalSection
	GlobalSection(SolutionProperties) = preSolution
		HideSolutionNode = FALSE
	EndGlobalSection
	GlobalSection(ExtensibilityGlobals) = postSolution
		SolutionGuid = {6F5F05C1-BB1E-4317-94F9-F447614CB862}
	EndGlobalSection
EndGlobal
