
Microsoft Visual Studio Solution File, Format Version 12.00
# Visual Studio Version 16
VisualStudioVersion = 16.0.31515.178
MinimumVisualStudioVersion = 10.0.40219.1
Project("{8BC9CEB8-8B4A-11D0-8D11-00A0C91BC942}") = "ConsoleApplication87", "ConsoleApplication87.vcxproj", "{F6C02BF9-4D50-4A63-8205-D68D1A485DB9}"
EndProject
Global
	GlobalSection(SolutionConfigurationPlatforms) = preSolution
		Debug|x64 = Debug|x64
		Debug|x86 = Debug|x86
		Release|x64 = Release|x64
		Release|x86 = Release|x86
	EndGlobalSection
	GlobalSection(ProjectConfigurationPlatforms) = postSolution
		{F6C02BF9-4D50-4A63-8205-D68D1A485DB9}.Debug|x64.ActiveCfg = Debug|x64
		{F6C02BF9-4D50-4A63-8205-D68D1A485DB9}.Debug|x64.Build.0 = Debug|x64
		{F6C02BF9-4D50-4A63-8205-D68D1A485DB9}.Debug|x86.ActiveCfg = Debug|Win32
		{F6C02BF9-4D50-4A63-8205-D68D1A485DB9}.Debug|x86.Build.0 = Debug|Win32
		{F6C02BF9-4D50-4A63-8205-D68D1A485DB9}.Release|x64.ActiveCfg = Release|x64
		{F6C02BF9-4D50-4A63-8205-D68D1A485DB9}.Release|x64.Build.0 = Release|x64
		{F6C02BF9-4D50-4A63-8205-D68D1A485DB9}.Release|x86.ActiveCfg = Release|Win32
		{F6C02BF9-4D50-4A63-8205-D68D1A485DB9}.Release|x86.Build.0 = Release|Win32
	EndGlobalSection
	GlobalSection(SolutionProperties) = preSolution
		HideSolutionNode = FALSE
	EndGlobalSection
	GlobalSection(ExtensibilityGlobals) = postSolution
		SolutionGuid = {3AAB1664-F471-450C-B332-910DDA27222A}
	EndGlobalSection
EndGlobal
