
Microsoft Visual Studio Solution File, Format Version 12.00
# Visual Studio Version 16
VisualStudioVersion = 16.0.31515.178
MinimumVisualStudioVersion = 10.0.40219.1
Project("{FAE04EC0-301F-11D3-BF4B-00C04F79EFBC}") = "ConsoleApp50", "ConsoleApp50.csproj", "{0DF569F2-41B7-4074-B860-BA60C836D4DE}"
EndProject
Global
	GlobalSection(SolutionConfigurationPlatforms) = preSolution
		Debug|Any CPU = Debug|Any CPU
		Release|Any CPU = Release|Any CPU
	EndGlobalSection
	GlobalSection(ProjectConfigurationPlatforms) = postSolution
		{0DF569F2-41B7-4074-B860-BA60C836D4DE}.Debug|Any CPU.ActiveCfg = Debug|Any CPU
		{0DF569F2-41B7-4074-B860-BA60C836D4DE}.Debug|Any CPU.Build.0 = Debug|Any CPU
		{0DF569F2-41B7-4074-B860-BA60C836D4DE}.Release|Any CPU.ActiveCfg = Release|Any CPU
		{0DF569F2-41B7-4074-B860-BA60C836D4DE}.Release|Any CPU.Build.0 = Release|Any CPU
	EndGlobalSection
	GlobalSection(SolutionProperties) = preSolution
		HideSolutionNode = FALSE
	EndGlobalSection
	GlobalSection(ExtensibilityGlobals) = postSolution
		SolutionGuid = {2071B925-49B6-4EF8-BADB-E67C5916ABE3}
	EndGlobalSection
EndGlobal
