
Microsoft Visual Studio Solution File, Format Version 12.00
# Visual Studio Version 16
VisualStudioVersion = 16.0.31515.178
MinimumVisualStudioVersion = 10.0.40219.1
Project("{FAE04EC0-301F-11D3-BF4B-00C04F79EFBC}") = "ConsoleApp32", "ConsoleApp32.csproj", "{23B3DF53-693B-44D1-8E31-200C6DF54981}"
EndProject
Global
	GlobalSection(SolutionConfigurationPlatforms) = preSolution
		Debug|Any CPU = Debug|Any CPU
		Release|Any CPU = Release|Any CPU
	EndGlobalSection
	GlobalSection(ProjectConfigurationPlatforms) = postSolution
		{23B3DF53-693B-44D1-8E31-200C6DF54981}.Debug|Any CPU.ActiveCfg = Debug|Any CPU
		{23B3DF53-693B-44D1-8E31-200C6DF54981}.Debug|Any CPU.Build.0 = Debug|Any CPU
		{23B3DF53-693B-44D1-8E31-200C6DF54981}.Release|Any CPU.ActiveCfg = Release|Any CPU
		{23B3DF53-693B-44D1-8E31-200C6DF54981}.Release|Any CPU.Build.0 = Release|Any CPU
	EndGlobalSection
	GlobalSection(SolutionProperties) = preSolution
		HideSolutionNode = FALSE
	EndGlobalSection
	GlobalSection(ExtensibilityGlobals) = postSolution
		SolutionGuid = {0B73674A-1030-496D-A374-571345C7AE62}
	EndGlobalSection
EndGlobal
