
Microsoft Visual Studio Solution File, Format Version 12.00
# Visual Studio Version 16
VisualStudioVersion = 16.0.31515.178
MinimumVisualStudioVersion = 10.0.40219.1
Project("{FAE04EC0-301F-11D3-BF4B-00C04F79EFBC}") = "ConsoleApp4", "ConsoleApp4.csproj", "{59CD25A7-7B9F-4D27-89F3-98C07D8418FD}"
EndProject
Global
	GlobalSection(SolutionConfigurationPlatforms) = preSolution
		Debug|Any CPU = Debug|Any CPU
		Release|Any CPU = Release|Any CPU
	EndGlobalSection
	GlobalSection(ProjectConfigurationPlatforms) = postSolution
		{59CD25A7-7B9F-4D27-89F3-98C07D8418FD}.Debug|Any CPU.ActiveCfg = Debug|Any CPU
		{59CD25A7-7B9F-4D27-89F3-98C07D8418FD}.Debug|Any CPU.Build.0 = Debug|Any CPU
		{59CD25A7-7B9F-4D27-89F3-98C07D8418FD}.Release|Any CPU.ActiveCfg = Release|Any CPU
		{59CD25A7-7B9F-4D27-89F3-98C07D8418FD}.Release|Any CPU.Build.0 = Release|Any CPU
	EndGlobalSection
	GlobalSection(SolutionProperties) = preSolution
		HideSolutionNode = FALSE
	EndGlobalSection
	GlobalSection(ExtensibilityGlobals) = postSolution
		SolutionGuid = {FB0C9820-5C2F-43FC-8DB5-3895044EFB32}
	EndGlobalSection
EndGlobal
