
Microsoft Visual Studio Solution File, Format Version 12.00
# Visual Studio Version 16
VisualStudioVersion = 16.0.31515.178
MinimumVisualStudioVersion = 10.0.40219.1
Project("{8BC9CEB8-8B4A-11D0-8D11-00A0C91BC942}") = "ConsoleApplication94", "ConsoleApplication94.vcxproj", "{BA7363A4-9AB7-4235-AA22-D7D249779398}"
EndProject
Global
	GlobalSection(SolutionConfigurationPlatforms) = preSolution
		Debug|x64 = Debug|x64
		Debug|x86 = Debug|x86
		Release|x64 = Release|x64
		Release|x86 = Release|x86
	EndGlobalSection
	GlobalSection(ProjectConfigurationPlatforms) = postSolution
		{BA7363A4-9AB7-4235-AA22-D7D249779398}.Debug|x64.ActiveCfg = Debug|x64
		{BA7363A4-9AB7-4235-AA22-D7D249779398}.Debug|x64.Build.0 = Debug|x64
		{BA7363A4-9AB7-4235-AA22-D7D249779398}.Debug|x86.ActiveCfg = Debug|Win32
		{BA7363A4-9AB7-4235-AA22-D7D249779398}.Debug|x86.Build.0 = Debug|Win32
		{BA7363A4-9AB7-4235-AA22-D7D249779398}.Release|x64.ActiveCfg = Release|x64
		{BA7363A4-9AB7-4235-AA22-D7D249779398}.Release|x64.Build.0 = Release|x64
		{BA7363A4-9AB7-4235-AA22-D7D249779398}.Release|x86.ActiveCfg = Release|Win32
		{BA7363A4-9AB7-4235-AA22-D7D249779398}.Release|x86.Build.0 = Release|Win32
	EndGlobalSection
	GlobalSection(SolutionProperties) = preSolution
		HideSolutionNode = FALSE
	EndGlobalSection
	GlobalSection(ExtensibilityGlobals) = postSolution
		SolutionGuid = {1954C5EE-2670-49A9-96B7-6C677D2D20FF}
	EndGlobalSection
EndGlobal
